
Microsoft Visual Studio Solution File, Format Version 12.00
# Visual Studio Version 16
VisualStudioVersion = 16.0.34114.132
MinimumVisualStudioVersion = 10.0.40219.1
Project("{8BC9CEB8-8B4A-11D0-8D11-00A0C91BC942}") = "spinning-wings", "spinning-wings\spinning-wings.vcxproj", "{E5649BB1-621A-4588-84AB-EAA73E5D7BE7}"
	ProjectSection(ProjectDependencies) = postProject
		{D395F3B4-4126-4FC2-B927-4448252AB6EA} = {D395F3B4-4126-4FC2-B927-4448252AB6EA}
	EndProjectSection
EndProject
Project("{2150E333-8FDC-42A3-9474-1A3956D46DE8}") = "Solution Items", "Solution Items", "{8D65F710-568C-4627-BE04-F6F9BF40D297}"
	ProjectSection(SolutionItems) = preProject
		.gitignore = .gitignore
		..\.github\workflows\build-mac.yaml = ..\.github\workflows\build-mac.yaml
		..\.github\workflows\build-windows.yaml = ..\.github\workflows\build-windows.yaml
		..\LICENSE = ..\LICENSE
		..\.github\workflows\push-branch.yaml = ..\.github\workflows\push-branch.yaml
		..\README.md = ..\README.md
	EndProjectSection
EndProject
Project("{8BC9CEB8-8B4A-11D0-8D11-00A0C91BC942}") = "wings", "wings\wings.vcxproj", "{D395F3B4-4126-4FC2-B927-4448252AB6EA}"
EndProject
Project("{8BC9CEB8-8B4A-11D0-8D11-00A0C91BC942}") = "spinning-wings-gl2", "spinning-wings-gl2\spinning-wings-gl2.vcxproj", "{D0A75E91-BA64-4191-8339-FCFE0940C739}"
EndProject
Project("{8BC9CEB8-8B4A-11D0-8D11-00A0C91BC942}") = "wings-saver", "wings-saver\wings-saver.vcxproj", "{33C54AA2-1BBF-4810-9D92-355209FA5B06}"
EndProject
Project("{8BC9CEB8-8B4A-11D0-8D11-00A0C91BC942}") = "spinning-wings-gl3", "spinning-wings-gl3\spinning-wings-gl3.vcxproj", "{C05B2C32-FF0C-4585-AA31-97129DC6F93E}"
EndProject
Project("{8BC9CEB8-8B4A-11D0-8D11-00A0C91BC942}") = "spinning-wings-gl4", "spinning-wings-gl4\spinning-wings-gl4.vcxproj", "{50903A5D-5B4B-4B91-9A70-BE6083FC34EE}"
EndProject
Project("{8BC9CEB8-8B4A-11D0-8D11-00A0C91BC942}") = "wings-tests", "wings-tests\wings-tests.vcxproj", "{2BA0016F-F7FE-413D-83B8-347215B65BDA}"
EndProject
Global
	GlobalSection(SolutionConfigurationPlatforms) = preSolution
		Debug|x64 = Debug|x64
		Debug|x86 = Debug|x86
		Release|x64 = Release|x64
		Release|x86 = Release|x86
	EndGlobalSection
	GlobalSection(ProjectConfigurationPlatforms) = postSolution
		{E5649BB1-621A-4588-84AB-EAA73E5D7BE7}.Debug|x64.ActiveCfg = Debug|x64
		{E5649BB1-621A-4588-84AB-EAA73E5D7BE7}.Debug|x64.Build.0 = Debug|x64
		{E5649BB1-621A-4588-84AB-EAA73E5D7BE7}.Debug|x86.ActiveCfg = Debug|Win32
		{E5649BB1-621A-4588-84AB-EAA73E5D7BE7}.Debug|x86.Build.0 = Debug|Win32
		{E5649BB1-621A-4588-84AB-EAA73E5D7BE7}.Release|x64.ActiveCfg = Release|x64
		{E5649BB1-621A-4588-84AB-EAA73E5D7BE7}.Release|x64.Build.0 = Release|x64
		{E5649BB1-621A-4588-84AB-EAA73E5D7BE7}.Release|x86.ActiveCfg = Release|Win32
		{E5649BB1-621A-4588-84AB-EAA73E5D7BE7}.Release|x86.Build.0 = Release|Win32
		{D395F3B4-4126-4FC2-B927-4448252AB6EA}.Debug|x64.ActiveCfg = Debug|x64
		{D395F3B4-4126-4FC2-B927-4448252AB6EA}.Debug|x64.Build.0 = Debug|x64
		{D395F3B4-4126-4FC2-B927-4448252AB6EA}.Debug|x86.ActiveCfg = Debug|Win32
		{D395F3B4-4126-4FC2-B927-4448252AB6EA}.Debug|x86.Build.0 = Debug|Win32
		{D395F3B4-4126-4FC2-B927-4448252AB6EA}.Release|x64.ActiveCfg = Release|x64
		{D395F3B4-4126-4FC2-B927-4448252AB6EA}.Release|x64.Build.0 = Release|x64
		{D395F3B4-4126-4FC2-B927-4448252AB6EA}.Release|x86.ActiveCfg = Release|Win32
		{D395F3B4-4126-4FC2-B927-4448252AB6EA}.Release|x86.Build.0 = Release|Win32
		{D0A75E91-BA64-4191-8339-FCFE0940C739}.Debug|x64.ActiveCfg = Debug|x64
		{D0A75E91-BA64-4191-8339-FCFE0940C739}.Debug|x64.Build.0 = Debug|x64
		{D0A75E91-BA64-4191-8339-FCFE0940C739}.Debug|x86.ActiveCfg = Debug|Win32
		{D0A75E91-BA64-4191-8339-FCFE0940C739}.Debug|x86.Build.0 = Debug|Win32
		{D0A75E91-BA64-4191-8339-FCFE0940C739}.Release|x64.ActiveCfg = Release|x64
		{D0A75E91-BA64-4191-8339-FCFE0940C739}.Release|x64.Build.0 = Release|x64
		{D0A75E91-BA64-4191-8339-FCFE0940C739}.Release|x86.ActiveCfg = Release|Win32
		{D0A75E91-BA64-4191-8339-FCFE0940C739}.Release|x86.Build.0 = Release|Win32
		{33C54AA2-1BBF-4810-9D92-355209FA5B06}.Debug|x64.ActiveCfg = Debug|x64
		{33C54AA2-1BBF-4810-9D92-355209FA5B06}.Debug|x64.Build.0 = Debug|x64
		{33C54AA2-1BBF-4810-9D92-355209FA5B06}.Debug|x86.ActiveCfg = Debug|Win32
		{33C54AA2-1BBF-4810-9D92-355209FA5B06}.Debug|x86.Build.0 = Debug|Win32
		{33C54AA2-1BBF-4810-9D92-355209FA5B06}.Release|x64.ActiveCfg = Release|x64
		{33C54AA2-1BBF-4810-9D92-355209FA5B06}.Release|x64.Build.0 = Release|x64
		{33C54AA2-1BBF-4810-9D92-355209FA5B06}.Release|x86.ActiveCfg = Release|Win32
		{33C54AA2-1BBF-4810-9D92-355209FA5B06}.Release|x86.Build.0 = Release|Win32
		{C05B2C32-FF0C-4585-AA31-97129DC6F93E}.Debug|x64.ActiveCfg = Debug|x64
		{C05B2C32-FF0C-4585-AA31-97129DC6F93E}.Debug|x64.Build.0 = Debug|x64
		{C05B2C32-FF0C-4585-AA31-97129DC6F93E}.Debug|x86.ActiveCfg = Debug|Win32
		{C05B2C32-FF0C-4585-AA31-97129DC6F93E}.Debug|x86.Build.0 = Debug|Win32
		{C05B2C32-FF0C-4585-AA31-97129DC6F93E}.Release|x64.ActiveCfg = Release|x64
		{C05B2C32-FF0C-4585-AA31-97129DC6F93E}.Release|x64.Build.0 = Release|x64
		{C05B2C32-FF0C-4585-AA31-97129DC6F93E}.Release|x86.ActiveCfg = Release|Win32
		{C05B2C32-FF0C-4585-AA31-97129DC6F93E}.Release|x86.Build.0 = Release|Win32
		{50903A5D-5B4B-4B91-9A70-BE6083FC34EE}.Debug|x64.ActiveCfg = Debug|x64
		{50903A5D-5B4B-4B91-9A70-BE6083FC34EE}.Debug|x64.Build.0 = Debug|x64
		{50903A5D-5B4B-4B91-9A70-BE6083FC34EE}.Debug|x86.ActiveCfg = Debug|Win32
		{50903A5D-5B4B-4B91-9A70-BE6083FC34EE}.Debug|x86.Build.0 = Debug|Win32
		{50903A5D-5B4B-4B91-9A70-BE6083FC34EE}.Release|x64.ActiveCfg = Release|x64
		{50903A5D-5B4B-4B91-9A70-BE6083FC34EE}.Release|x64.Build.0 = Release|x64
		{50903A5D-5B4B-4B91-9A70-BE6083FC34EE}.Release|x86.ActiveCfg = Release|Win32
		{50903A5D-5B4B-4B91-9A70-BE6083FC34EE}.Release|x86.Build.0 = Release|Win32
		{2BA0016F-F7FE-413D-83B8-347215B65BDA}.Debug|x64.ActiveCfg = Debug|x64
		{2BA0016F-F7FE-413D-83B8-347215B65BDA}.Debug|x64.Build.0 = Debug|x64
		{2BA0016F-F7FE-413D-83B8-347215B65BDA}.Debug|x86.ActiveCfg = Debug|Win32
		{2BA0016F-F7FE-413D-83B8-347215B65BDA}.Debug|x86.Build.0 = Debug|Win32
		{2BA0016F-F7FE-413D-83B8-347215B65BDA}.Release|x64.ActiveCfg = Release|x64
		{2BA0016F-F7FE-413D-83B8-347215B65BDA}.Release|x64.Build.0 = Release|x64
		{2BA0016F-F7FE-413D-83B8-347215B65BDA}.Release|x86.ActiveCfg = Release|Win32
		{2BA0016F-F7FE-413D-83B8-347215B65BDA}.Release|x86.Build.0 = Release|Win32
	EndGlobalSection
	GlobalSection(SolutionProperties) = preSolution
		HideSolutionNode = FALSE
	EndGlobalSection
	GlobalSection(ExtensibilityGlobals) = postSolution
		SolutionGuid = {B839247A-654B-46AB-80B1-AF644ACFB022}
	EndGlobalSection
EndGlobal
